
Microsoft Visual Studio Solution File, Format Version 12.00
# Visual Studio Version 16
VisualStudioVersion = 16.0.30503.244
MinimumVisualStudioVersion = 10.0.40219.1
Project("{FAE04EC0-301F-11D3-BF4B-00C04F79EFBC}") = "Lab3_Var2", "Lab3_Var2\Lab3_Var2.csproj", "{AABF41DA-6635-4532-87C3-923AC3B29B44}"
EndProject
Global
	GlobalSection(SolutionConfigurationPlatforms) = preSolution
		Debug|Any CPU = Debug|Any CPU
		Release|Any CPU = Release|Any CPU
	EndGlobalSection
	GlobalSection(ProjectConfigurationPlatforms) = postSolution
		{AABF41DA-6635-4532-87C3-923AC3B29B44}.Debug|Any CPU.ActiveCfg = Debug|Any CPU
		{AABF41DA-6635-4532-87C3-923AC3B29B44}.Debug|Any CPU.Build.0 = Debug|Any CPU
		{AABF41DA-6635-4532-87C3-923AC3B29B44}.Release|Any CPU.ActiveCfg = Release|Any CPU
		{AABF41DA-6635-4532-87C3-923AC3B29B44}.Release|Any CPU.Build.0 = Release|Any CPU
	EndGlobalSection
	GlobalSection(SolutionProperties) = preSolution
		HideSolutionNode = FALSE
	EndGlobalSection
	GlobalSection(ExtensibilityGlobals) = postSolution
		SolutionGuid = {10F9AB60-9D7D-49F6-97BA-EA049BB1BAC9}
	EndGlobalSection
EndGlobal
